
Microsoft Visual Studio Solution File, Format Version 12.00
# Visual Studio 15
VisualStudioVersion = 15.0.28307.1231
MinimumVisualStudioVersion = 10.0.40219.1
Project("{FAE04EC0-301F-11D3-BF4B-00C04F79EFBC}") = "SDProject", "SDProject\SDProject.csproj", "{2279CC9D-CA52-4FCF-8019-897BA36F686F}"
EndProject
Project("{FAE04EC0-301F-11D3-BF4B-00C04F79EFBC}") = "SDProject.DomainModels", "SDProject.DomainModels\SDProject.DomainModels.csproj", "{B6578496-F4A3-4431-BBB2-A8FF1B606936}"
EndProject
Project("{FAE04EC0-301F-11D3-BF4B-00C04F79EFBC}") = "SDProject.ViewModels", "SDProject.ViewModels\SDProject.ViewModels.csproj", "{5ED38255-D491-4BE2-A8E5-475441326E71}"
EndProject
Project("{FAE04EC0-301F-11D3-BF4B-00C04F79EFBC}") = "SDProject.Repositories", "SDProject.Repositories\SDProject.Repositories.csproj", "{39DFDA30-04BB-47DB-932F-2298E83161FB}"
EndProject
Project("{FAE04EC0-301F-11D3-BF4B-00C04F79EFBC}") = "SDProject.ServiceLayer", "SDProject.ServiceLayer\SDProject.ServiceLayer.csproj", "{839AAA61-D0FA-4EEC-BE5B-D3F1467260D0}"
EndProject
Global
	GlobalSection(SolutionConfigurationPlatforms) = preSolution
		Debug|Any CPU = Debug|Any CPU
		Release|Any CPU = Release|Any CPU
	EndGlobalSection
	GlobalSection(ProjectConfigurationPlatforms) = postSolution
		{2279CC9D-CA52-4FCF-8019-897BA36F686F}.Debug|Any CPU.ActiveCfg = Debug|Any CPU
		{2279CC9D-CA52-4FCF-8019-897BA36F686F}.Debug|Any CPU.Build.0 = Debug|Any CPU
		{2279CC9D-CA52-4FCF-8019-897BA36F686F}.Release|Any CPU.ActiveCfg = Release|Any CPU
		{2279CC9D-CA52-4FCF-8019-897BA36F686F}.Release|Any CPU.Build.0 = Release|Any CPU
		{B6578496-F4A3-4431-BBB2-A8FF1B606936}.Debug|Any CPU.ActiveCfg = Debug|Any CPU
		{B6578496-F4A3-4431-BBB2-A8FF1B606936}.Debug|Any CPU.Build.0 = Debug|Any CPU
		{B6578496-F4A3-4431-BBB2-A8FF1B606936}.Release|Any CPU.ActiveCfg = Release|Any CPU
		{B6578496-F4A3-4431-BBB2-A8FF1B606936}.Release|Any CPU.Build.0 = Release|Any CPU
		{5ED38255-D491-4BE2-A8E5-475441326E71}.Debug|Any CPU.ActiveCfg = Debug|Any CPU
		{5ED38255-D491-4BE2-A8E5-475441326E71}.Debug|Any CPU.Build.0 = Debug|Any CPU
		{5ED38255-D491-4BE2-A8E5-475441326E71}.Release|Any CPU.ActiveCfg = Release|Any CPU
		{5ED38255-D491-4BE2-A8E5-475441326E71}.Release|Any CPU.Build.0 = Release|Any CPU
		{39DFDA30-04BB-47DB-932F-2298E83161FB}.Debug|Any CPU.ActiveCfg = Debug|Any CPU
		{39DFDA30-04BB-47DB-932F-2298E83161FB}.Debug|Any CPU.Build.0 = Debug|Any CPU
		{39DFDA30-04BB-47DB-932F-2298E83161FB}.Release|Any CPU.ActiveCfg = Release|Any CPU
		{39DFDA30-04BB-47DB-932F-2298E83161FB}.Release|Any CPU.Build.0 = Release|Any CPU
		{839AAA61-D0FA-4EEC-BE5B-D3F1467260D0}.Debug|Any CPU.ActiveCfg = Debug|Any CPU
		{839AAA61-D0FA-4EEC-BE5B-D3F1467260D0}.Debug|Any CPU.Build.0 = Debug|Any CPU
		{839AAA61-D0FA-4EEC-BE5B-D3F1467260D0}.Release|Any CPU.ActiveCfg = Release|Any CPU
		{839AAA61-D0FA-4EEC-BE5B-D3F1467260D0}.Release|Any CPU.Build.0 = Release|Any CPU
	EndGlobalSection
	GlobalSection(SolutionProperties) = preSolution
		HideSolutionNode = FALSE
	EndGlobalSection
	GlobalSection(ExtensibilityGlobals) = postSolution
		SolutionGuid = {2E25BD80-DEAA-46A3-823A-7FCC9C9E9E35}
	EndGlobalSection
EndGlobal
